// !$*UTF8*$!
{
	archiveVersion = 1;
	classes = {
	};
	objectVersion = 56;
	objects = {

/* Begin PBXBuildFile section */
		959939692A7BFC5D00DC2223 /* robot_walk_idle.usdz in Resources */ = {isa = PBXBuildFile; fileRef = 959939652A7BFC5C00DC2223 /* robot_walk_idle.usdz */; };
		9599396A2A7BFC5D00DC2223 /* sneaker_airforce.usdz in Resources */ = {isa = PBXBuildFile; fileRef = 959939662A7BFC5D00DC2223 /* sneaker_airforce.usdz */; };
		9599396B2A7BFC5D00DC2223 /* toy_biplane_idle.usdz in Resources */ = {isa = PBXBuildFile; fileRef = 959939672A7BFC5D00DC2223 /* toy_biplane_idle.usdz */; };
		9599396C2A7BFC5D00DC2223 /* tv_retro.usdz in Resources */ = {isa = PBXBuildFile; fileRef = 959939682A7BFC5D00DC2223 /* tv_retro.usdz */; };
		9599396E2A7C01CF00DC2223 /* ModelPickerView.swift in Sources */ = {isa = PBXBuildFile; fileRef = 9599396D2A7C01CF00DC2223 /* ModelPickerView.swift */; };
		959939702A7C06AF00DC2223 /* PlacementButtonView.swift in Sources */ = {isa = PBXBuildFile; fileRef = 9599396F2A7C06AF00DC2223 /* PlacementButtonView.swift */; };
		95B824282A7AA4F800637CBC /* AppDelegate.swift in Sources */ = {isa = PBXBuildFile; fileRef = 95B824272A7AA4F800637CBC /* AppDelegate.swift */; };
		95B8242A2A7AA4F800637CBC /* ContentView.swift in Sources */ = {isa = PBXBuildFile; fileRef = 95B824292A7AA4F800637CBC /* ContentView.swift */; };
		95B8242C2A7AA4F800637CBC /* Experience.rcproject in Sources */ = {isa = PBXBuildFile; fileRef = 95B8242B2A7AA4F800637CBC /* Experience.rcproject */; };
		95B8242E2A7AA4F900637CBC /* Assets.xcassets in Resources */ = {isa = PBXBuildFile; fileRef = 95B8242D2A7AA4F900637CBC /* Assets.xcassets */; };
		95B824312A7AA4F900637CBC /* Preview Assets.xcassets in Resources */ = {isa = PBXBuildFile; fileRef = 95B824302A7AA4F900637CBC /* Preview Assets.xcassets */; };
		95B824382A7AA5E300637CBC /* ARViewController.swift in Sources */ = {isa = PBXBuildFile; fileRef = 95B824372A7AA5E300637CBC /* ARViewController.swift */; };
		95E7CD5C2A7C1B9000D28D60 /* Model.swift in Sources */ = {isa = PBXBuildFile; fileRef = 95E7CD5B2A7C1B9000D28D60 /* Model.swift */; };
/* End PBXBuildFile section */

/* Begin PBXFileReference section */
		959939652A7BFC5C00DC2223 /* robot_walk_idle.usdz */ = {isa = PBXFileReference; lastKnownFileType = file.usdz; path = robot_walk_idle.usdz; sourceTree = "<group>"; };
		959939662A7BFC5D00DC2223 /* sneaker_airforce.usdz */ = {isa = PBXFileReference; lastKnownFileType = file.usdz; path = sneaker_airforce.usdz; sourceTree = "<group>"; };
		959939672A7BFC5D00DC2223 /* toy_biplane_idle.usdz */ = {isa = PBXFileReference; lastKnownFileType = file.usdz; path = toy_biplane_idle.usdz; sourceTree = "<group>"; };
		959939682A7BFC5D00DC2223 /* tv_retro.usdz */ = {isa = PBXFileReference; lastKnownFileType = file.usdz; path = tv_retro.usdz; sourceTree = "<group>"; };
		9599396D2A7C01CF00DC2223 /* ModelPickerView.swift */ = {isa = PBXFileReference; lastKnownFileType = sourcecode.swift; path = ModelPickerView.swift; sourceTree = "<group>"; };
		9599396F2A7C06AF00DC2223 /* PlacementButtonView.swift */ = {isa = PBXFileReference; lastKnownFileType = sourcecode.swift; path = PlacementButtonView.swift; sourceTree = "<group>"; };
		95B824242A7AA4F800637CBC /* MC3_Realmscape.app */ = {isa = PBXFileReference; explicitFileType = wrapper.application; includeInIndex = 0; path = MC3_Realmscape.app; sourceTree = BUILT_PRODUCTS_DIR; };
		95B824272A7AA4F800637CBC /* AppDelegate.swift */ = {isa = PBXFileReference; lastKnownFileType = sourcecode.swift; path = AppDelegate.swift; sourceTree = "<group>"; };
		95B824292A7AA4F800637CBC /* ContentView.swift */ = {isa = PBXFileReference; lastKnownFileType = sourcecode.swift; path = ContentView.swift; sourceTree = "<group>"; };
		95B8242B2A7AA4F800637CBC /* Experience.rcproject */ = {isa = PBXFileReference; lastKnownFileType = file.rcproject; path = Experience.rcproject; sourceTree = "<group>"; };
		95B8242D2A7AA4F900637CBC /* Assets.xcassets */ = {isa = PBXFileReference; lastKnownFileType = folder.assetcatalog; path = Assets.xcassets; sourceTree = "<group>"; };
		95B824302A7AA4F900637CBC /* Preview Assets.xcassets */ = {isa = PBXFileReference; lastKnownFileType = folder.assetcatalog; path = "Preview Assets.xcassets"; sourceTree = "<group>"; };
		95B824372A7AA5E300637CBC /* ARViewController.swift */ = {isa = PBXFileReference; lastKnownFileType = sourcecode.swift; path = ARViewController.swift; sourceTree = "<group>"; };
		95E7CD5B2A7C1B9000D28D60 /* Model.swift */ = {isa = PBXFileReference; lastKnownFileType = sourcecode.swift; path = Model.swift; sourceTree = "<group>"; };
/* End PBXFileReference section */

/* Begin PBXFrameworksBuildPhase section */
		95B824212A7AA4F800637CBC /* Frameworks */ = {
			isa = PBXFrameworksBuildPhase;
			buildActionMask = 2147483647;
			files = (
			);
			runOnlyForDeploymentPostprocessing = 0;
		};
/* End PBXFrameworksBuildPhase section */

/* Begin PBXGroup section */
		959939712A7C072900DC2223 /* View */ = {
			isa = PBXGroup;
			children = (
				9599396D2A7C01CF00DC2223 /* ModelPickerView.swift */,
				9599396F2A7C06AF00DC2223 /* PlacementButtonView.swift */,
			);
			path = View;
			sourceTree = "<group>";
		};
		959939722A7C073B00DC2223 /* Controller */ = {
			isa = PBXGroup;
			children = (
				95B824372A7AA5E300637CBC /* ARViewController.swift */,
			);
			path = Controller;
			sourceTree = "<group>";
		};
		95B8241B2A7AA4F800637CBC = {
			isa = PBXGroup;
			children = (
				95B824262A7AA4F800637CBC /* MC3_Realmscape */,
				95B824252A7AA4F800637CBC /* Products */,
			);
			sourceTree = "<group>";
		};
		95B824252A7AA4F800637CBC /* Products */ = {
			isa = PBXGroup;
			children = (
				95B824242A7AA4F800637CBC /* MC3_Realmscape.app */,
			);
			name = Products;
			sourceTree = "<group>";
		};
		95B824262A7AA4F800637CBC /* MC3_Realmscape */ = {
			isa = PBXGroup;
			children = (
				959939722A7C073B00DC2223 /* Controller */,
				959939712A7C072900DC2223 /* View */,
				95B824392A7AA60B00637CBC /* 3DModels */,
				95B824272A7AA4F800637CBC /* AppDelegate.swift */,
				95E7CD5B2A7C1B9000D28D60 /* Model.swift */,
				95B824292A7AA4F800637CBC /* ContentView.swift */,
				95B8242B2A7AA4F800637CBC /* Experience.rcproject */,
				95B8242D2A7AA4F900637CBC /* Assets.xcassets */,
				95B8242F2A7AA4F900637CBC /* Preview Content */,
			);
			path = MC3_Realmscape;
			sourceTree = "<group>";
		};
		95B8242F2A7AA4F900637CBC /* Preview Content */ = {
			isa = PBXGroup;
			children = (
				95B824302A7AA4F900637CBC /* Preview Assets.xcassets */,
			);
			path = "Preview Content";
			sourceTree = "<group>";
		};
		95B824392A7AA60B00637CBC /* 3DModels */ = {
			isa = PBXGroup;
			children = (
				959939652A7BFC5C00DC2223 /* robot_walk_idle.usdz */,
				959939662A7BFC5D00DC2223 /* sneaker_airforce.usdz */,
				959939672A7BFC5D00DC2223 /* toy_biplane_idle.usdz */,
				959939682A7BFC5D00DC2223 /* tv_retro.usdz */,
			);
			path = 3DModels;
			sourceTree = "<group>";
		};
/* End PBXGroup section */

/* Begin PBXNativeTarget section */
		95B824232A7AA4F800637CBC /* MC3_Realmscape */ = {
			isa = PBXNativeTarget;
			buildConfigurationList = 95B824342A7AA4F900637CBC /* Build configuration list for PBXNativeTarget "MC3_Realmscape" */;
			buildPhases = (
				95B824202A7AA4F800637CBC /* Sources */,
				95B824212A7AA4F800637CBC /* Frameworks */,
				95B824222A7AA4F800637CBC /* Resources */,
			);
			buildRules = (
			);
			dependencies = (
			);
			name = MC3_Realmscape;
			productName = MC3_Realmscape;
			productReference = 95B824242A7AA4F800637CBC /* MC3_Realmscape.app */;
			productType = "com.apple.product-type.application";
		};
/* End PBXNativeTarget section */

/* Begin PBXProject section */
		95B8241C2A7AA4F800637CBC /* Project object */ = {
			isa = PBXProject;
			attributes = {
				BuildIndependentTargetsInParallel = 1;
				LastSwiftUpdateCheck = 1430;
				LastUpgradeCheck = 1430;
				TargetAttributes = {
					95B824232A7AA4F800637CBC = {
						CreatedOnToolsVersion = 14.3.1;
					};
				};
			};
			buildConfigurationList = 95B8241F2A7AA4F800637CBC /* Build configuration list for PBXProject "MC3_Realmscape" */;
			compatibilityVersion = "Xcode 14.0";
			developmentRegion = en;
			hasScannedForEncodings = 0;
			knownRegions = (
				en,
				Base,
			);
			mainGroup = 95B8241B2A7AA4F800637CBC;
			productRefGroup = 95B824252A7AA4F800637CBC /* Products */;
			projectDirPath = "";
			projectRoot = "";
			targets = (
				95B824232A7AA4F800637CBC /* MC3_Realmscape */,
			);
		};
/* End PBXProject section */

/* Begin PBXResourcesBuildPhase section */
		95B824222A7AA4F800637CBC /* Resources */ = {
			isa = PBXResourcesBuildPhase;
			buildActionMask = 2147483647;
			files = (
				9599396A2A7BFC5D00DC2223 /* sneaker_airforce.usdz in Resources */,
				959939692A7BFC5D00DC2223 /* robot_walk_idle.usdz in Resources */,
				9599396C2A7BFC5D00DC2223 /* tv_retro.usdz in Resources */,
				95B824312A7AA4F900637CBC /* Preview Assets.xcassets in Resources */,
				9599396B2A7BFC5D00DC2223 /* toy_biplane_idle.usdz in Resources */,
				95B8242E2A7AA4F900637CBC /* Assets.xcassets in Resources */,
			);
			runOnlyForDeploymentPostprocessing = 0;
		};
/* End PBXResourcesBuildPhase section */

/* Begin PBXSourcesBuildPhase section */
		95B824202A7AA4F800637CBC /* Sources */ = {
			isa = PBXSourcesBuildPhase;
			buildActionMask = 2147483647;
			files = (
				95E7CD5C2A7C1B9000D28D60 /* Model.swift in Sources */,
				959939702A7C06AF00DC2223 /* PlacementButtonView.swift in Sources */,
				9599396E2A7C01CF00DC2223 /* ModelPickerView.swift in Sources */,
				95B8242A2A7AA4F800637CBC /* ContentView.swift in Sources */,
				95B824282A7AA4F800637CBC /* AppDelegate.swift in Sources */,
				95B8242C2A7AA4F800637CBC /* Experience.rcproject in Sources */,
				95B824382A7AA5E300637CBC /* ARViewController.swift in Sources */,
			);
			runOnlyForDeploymentPostprocessing = 0;
		};
/* End PBXSourcesBuildPhase section */

/* Begin XCBuildConfiguration section */
		95B824322A7AA4F900637CBC /* Debug */ = {
			isa = XCBuildConfiguration;
			buildSettings = {
				ALWAYS_SEARCH_USER_PATHS = NO;
				CLANG_ANALYZER_NONNULL = YES;
				CLANG_ANALYZER_NUMBER_OBJECT_CONVERSION = YES_AGGRESSIVE;
				CLANG_CXX_LANGUAGE_STANDARD = "gnu++20";
				CLANG_ENABLE_MODULES = YES;
				CLANG_ENABLE_OBJC_ARC = YES;
				CLANG_ENABLE_OBJC_WEAK = YES;
				CLANG_WARN_BLOCK_CAPTURE_AUTORELEASING = YES;
				CLANG_WARN_BOOL_CONVERSION = YES;
				CLANG_WARN_COMMA = YES;
				CLANG_WARN_CONSTANT_CONVERSION = YES;
				CLANG_WARN_DEPRECATED_OBJC_IMPLEMENTATIONS = YES;
				CLANG_WARN_DIRECT_OBJC_ISA_USAGE = YES_ERROR;
				CLANG_WARN_DOCUMENTATION_COMMENTS = YES;
				CLANG_WARN_EMPTY_BODY = YES;
				CLANG_WARN_ENUM_CONVERSION = YES;
				CLANG_WARN_INFINITE_RECURSION = YES;
				CLANG_WARN_INT_CONVERSION = YES;
				CLANG_WARN_NON_LITERAL_NULL_CONVERSION = YES;
				CLANG_WARN_OBJC_IMPLICIT_RETAIN_SELF = YES;
				CLANG_WARN_OBJC_LITERAL_CONVERSION = YES;
				CLANG_WARN_OBJC_ROOT_CLASS = YES_ERROR;
				CLANG_WARN_QUOTED_INCLUDE_IN_FRAMEWORK_HEADER = YES;
				CLANG_WARN_RANGE_LOOP_ANALYSIS = YES;
				CLANG_WARN_STRICT_PROTOTYPES = YES;
				CLANG_WARN_SUSPICIOUS_MOVE = YES;
				CLANG_WARN_UNGUARDED_AVAILABILITY = YES_AGGRESSIVE;
				CLANG_WARN_UNREACHABLE_CODE = YES;
				CLANG_WARN__DUPLICATE_METHOD_MATCH = YES;
				COPY_PHASE_STRIP = NO;
				DEBUG_INFORMATION_FORMAT = dwarf;
				ENABLE_STRICT_OBJC_MSGSEND = YES;
				ENABLE_TESTABILITY = YES;
				GCC_C_LANGUAGE_STANDARD = gnu11;
				GCC_DYNAMIC_NO_PIC = NO;
				GCC_NO_COMMON_BLOCKS = YES;
				GCC_OPTIMIZATION_LEVEL = 0;
				GCC_PREPROCESSOR_DEFINITIONS = (
					"DEBUG=1",
					"$(inherited)",
				);
				GCC_WARN_64_TO_32_BIT_CONVERSION = YES;
				GCC_WARN_ABOUT_RETURN_TYPE = YES_ERROR;
				GCC_WARN_UNDECLARED_SELECTOR = YES;
				GCC_WARN_UNINITIALIZED_AUTOS = YES_AGGRESSIVE;
				GCC_WARN_UNUSED_FUNCTION = YES;
				GCC_WARN_UNUSED_VARIABLE = YES;
				IPHONEOS_DEPLOYMENT_TARGET = 16.4;
				MTL_ENABLE_DEBUG_INFO = INCLUDE_SOURCE;
				MTL_FAST_MATH = YES;
				ONLY_ACTIVE_ARCH = YES;
				SDKROOT = iphoneos;
				SWIFT_ACTIVE_COMPILATION_CONDITIONS = DEBUG;
				SWIFT_OPTIMIZATION_LEVEL = "-Onone";
			};
			name = Debug;
		};
		95B824332A7AA4F900637CBC /* Release */ = {
			isa = XCBuildConfiguration;
			buildSettings = {
				ALWAYS_SEARCH_USER_PATHS = NO;
				CLANG_ANALYZER_NONNULL = YES;
				CLANG_ANALYZER_NUMBER_OBJECT_CONVERSION = YES_AGGRESSIVE;
				CLANG_CXX_LANGUAGE_STANDARD = "gnu++20";
				CLANG_ENABLE_MODULES = YES;
				CLANG_ENABLE_OBJC_ARC = YES;
				CLANG_ENABLE_OBJC_WEAK = YES;
				CLANG_WARN_BLOCK_CAPTURE_AUTORELEASING = YES;
				CLANG_WARN_BOOL_CONVERSION = YES;
				CLANG_WARN_COMMA = YES;
				CLANG_WARN_CONSTANT_CONVERSION = YES;
				CLANG_WARN_DEPRECATED_OBJC_IMPLEMENTATIONS = YES;
				CLANG_WARN_DIRECT_OBJC_ISA_USAGE = YES_ERROR;
				CLANG_WARN_DOCUMENTATION_COMMENTS = YES;
				CLANG_WARN_EMPTY_BODY = YES;
				CLANG_WARN_ENUM_CONVERSION = YES;
				CLANG_WARN_INFINITE_RECURSION = YES;
				CLANG_WARN_INT_CONVERSION = YES;
				CLANG_WARN_NON_LITERAL_NULL_CONVERSION = YES;
				CLANG_WARN_OBJC_IMPLICIT_RETAIN_SELF = YES;
				CLANG_WARN_OBJC_LITERAL_CONVERSION = YES;
				CLANG_WARN_OBJC_ROOT_CLASS = YES_ERROR;
				CLANG_WARN_QUOTED_INCLUDE_IN_FRAMEWORK_HEADER = YES;
				CLANG_WARN_RANGE_LOOP_ANALYSIS = YES;
				CLANG_WARN_STRICT_PROTOTYPES = YES;
				CLANG_WARN_SUSPICIOUS_MOVE = YES;
				CLANG_WARN_UNGUARDED_AVAILABILITY = YES_AGGRESSIVE;
				CLANG_WARN_UNREACHABLE_CODE = YES;
				CLANG_WARN__DUPLICATE_METHOD_MATCH = YES;
				COPY_PHASE_STRIP = NO;
				DEBUG_INFORMATION_FORMAT = "dwarf-with-dsym";
				ENABLE_NS_ASSERTIONS = NO;
				ENABLE_STRICT_OBJC_MSGSEND = YES;
				GCC_C_LANGUAGE_STANDARD = gnu11;
				GCC_NO_COMMON_BLOCKS = YES;
				GCC_WARN_64_TO_32_BIT_CONVERSION = YES;
				GCC_WARN_ABOUT_RETURN_TYPE = YES_ERROR;
				GCC_WARN_UNDECLARED_SELECTOR = YES;
				GCC_WARN_UNINITIALIZED_AUTOS = YES_AGGRESSIVE;
				GCC_WARN_UNUSED_FUNCTION = YES;
				GCC_WARN_UNUSED_VARIABLE = YES;
				IPHONEOS_DEPLOYMENT_TARGET = 16.4;
				MTL_ENABLE_DEBUG_INFO = NO;
				MTL_FAST_MATH = YES;
				SDKROOT = iphoneos;
				SWIFT_COMPILATION_MODE = wholemodule;
				SWIFT_OPTIMIZATION_LEVEL = "-O";
				VALIDATE_PRODUCT = YES;
			};
			name = Release;
		};
		95B824352A7AA4F900637CBC /* Debug */ = {
			isa = XCBuildConfiguration;
			buildSettings = {
				ASSETCATALOG_COMPILER_APPICON_NAME = AppIcon;
				ASSETCATALOG_COMPILER_GLOBAL_ACCENT_COLOR_NAME = AccentColor;
				CODE_SIGN_STYLE = Automatic;
				CURRENT_PROJECT_VERSION = 1;
				DEVELOPMENT_ASSET_PATHS = "\"MC3_Realmscape/Preview Content\"";
				DEVELOPMENT_TEAM = 76LP36F4KH;
				ENABLE_PREVIEWS = YES;
				GENERATE_INFOPLIST_FILE = YES;
				INFOPLIST_KEY_NSCameraUsageDescription = "";
				INFOPLIST_KEY_UIApplicationSupportsIndirectInputEvents = YES;
				INFOPLIST_KEY_UILaunchScreen_Generation = YES;
				INFOPLIST_KEY_UIRequiredDeviceCapabilities = arkit;
				INFOPLIST_KEY_UIStatusBarHidden = YES;
				INFOPLIST_KEY_UISupportedInterfaceOrientations_iPad = "UIInterfaceOrientationPortrait UIInterfaceOrientationPortraitUpsideDown UIInterfaceOrientationLandscapeLeft UIInterfaceOrientationLandscapeRight";
				INFOPLIST_KEY_UISupportedInterfaceOrientations_iPhone = "UIInterfaceOrientationPortrait UIInterfaceOrientationLandscapeLeft UIInterfaceOrientationLandscapeRight";
				LD_RUNPATH_SEARCH_PATHS = (
					"$(inherited)",
					"@executable_path/Frameworks",
				);
				MARKETING_VERSION = 1.0;
				PRODUCT_BUNDLE_IDENTIFIER = "com.ada.MC3-Realmscape";
				PRODUCT_NAME = "$(TARGET_NAME)";
				SWIFT_EMIT_LOC_STRINGS = YES;
				SWIFT_VERSION = 5.0;
				TARGETED_DEVICE_FAMILY = "1,2";
			};
			name = Debug;
		};
		95B824362A7AA4F900637CBC /* Release */ = {
			isa = XCBuildConfiguration;
			buildSettings = {
				ASSETCATALOG_COMPILER_APPICON_NAME = AppIcon;
				ASSETCATALOG_COMPILER_GLOBAL_ACCENT_COLOR_NAME = AccentColor;
				CODE_SIGN_STYLE = Automatic;
				CURRENT_PROJECT_VERSION = 1;
				DEVELOPMENT_ASSET_PATHS = "\"MC3_Realmscape/Preview Content\"";
				DEVELOPMENT_TEAM = 76LP36F4KH;
				ENABLE_PREVIEWS = YES;
				GENERATE_INFOPLIST_FILE = YES;
				INFOPLIST_KEY_NSCameraUsageDescription = "";
				INFOPLIST_KEY_UIApplicationSupportsIndirectInputEvents = YES;
				INFOPLIST_KEY_UILaunchScreen_Generation = YES;
				INFOPLIST_KEY_UIRequiredDeviceCapabilities = arkit;
				INFOPLIST_KEY_UIStatusBarHidden = YES;
				INFOPLIST_KEY_UISupportedInterfaceOrientations_iPad = "UIInterfaceOrientationPortrait UIInterfaceOrientationPortraitUpsideDown UIInterfaceOrientationLandscapeLeft UIInterfaceOrientationLandscapeRight";
				INFOPLIST_KEY_UISupportedInterfaceOrientations_iPhone = "UIInterfaceOrientationPortrait UIInterfaceOrientationLandscapeLeft UIInterfaceOrientationLandscapeRight";
				LD_RUNPATH_SEARCH_PATHS = (
					"$(inherited)",
					"@executable_path/Frameworks",
				);
				MARKETING_VERSION = 1.0;
				PRODUCT_BUNDLE_IDENTIFIER = "com.ada.MC3-Realmscape";
				PRODUCT_NAME = "$(TARGET_NAME)";
				SWIFT_EMIT_LOC_STRINGS = YES;
				SWIFT_VERSION = 5.0;
				TARGETED_DEVICE_FAMILY = "1,2";
			};
			name = Release;
		};
/* End XCBuildConfiguration section */

/* Begin XCConfigurationList section */
		95B8241F2A7AA4F800637CBC /* Build configuration list for PBXProject "MC3_Realmscape" */ = {
			isa = XCConfigurationList;
			buildConfigurations = (
				95B824322A7AA4F900637CBC /* Debug */,
				95B824332A7AA4F900637CBC /* Release */,
			);
			defaultConfigurationIsVisible = 0;
			defaultConfigurationName = Release;
		};
		95B824342A7AA4F900637CBC /* Build configuration list for PBXNativeTarget "MC3_Realmscape" */ = {
			isa = XCConfigurationList;
			buildConfigurations = (
				95B824352A7AA4F900637CBC /* Debug */,
				95B824362A7AA4F900637CBC /* Release */,
			);
			defaultConfigurationIsVisible = 0;
			defaultConfigurationName = Release;
		};
/* End XCConfigurationList section */
	};
	rootObject = 95B8241C2A7AA4F800637CBC /* Project object */;
}
